
Microsoft Visual Studio Solution File, Format Version 12.00
# Visual Studio Version 17
VisualStudioVersion = 17.9.34701.34
MinimumVisualStudioVersion = 10.0.40219.1
Project("{FAE04EC0-301F-11D3-BF4B-00C04F79EFBC}") = "modul8_1302223040", "modul8_1302223040\modul8_1302223040.csproj", "{071F6D6C-B139-4327-BC05-FD9CAD200E67}"
EndProject
Global
	GlobalSection(SolutionConfigurationPlatforms) = preSolution
		Debug|Any CPU = Debug|Any CPU
		Release|Any CPU = Release|Any CPU
	EndGlobalSection
	GlobalSection(ProjectConfigurationPlatforms) = postSolution
		{071F6D6C-B139-4327-BC05-FD9CAD200E67}.Debug|Any CPU.ActiveCfg = Debug|Any CPU
		{071F6D6C-B139-4327-BC05-FD9CAD200E67}.Debug|Any CPU.Build.0 = Debug|Any CPU
		{071F6D6C-B139-4327-BC05-FD9CAD200E67}.Release|Any CPU.ActiveCfg = Release|Any CPU
		{071F6D6C-B139-4327-BC05-FD9CAD200E67}.Release|Any CPU.Build.0 = Release|Any CPU
	EndGlobalSection
	GlobalSection(SolutionProperties) = preSolution
		HideSolutionNode = FALSE
	EndGlobalSection
	GlobalSection(ExtensibilityGlobals) = postSolution
		SolutionGuid = {EB428BC4-CF18-4A3C-A854-68D1CE6B2A95}
	EndGlobalSection
EndGlobal
